
Microsoft Visual Studio Solution File, Format Version 12.00
# Visual Studio Version 17
VisualStudioVersion = 17.5.33502.453
MinimumVisualStudioVersion = 10.0.40219.1
Project("{9A19103F-16F7-4668-BE54-9A1E7A4F7556}") = "Talisay Tracker", "Talisay Tracker\Talisay Tracker.csproj", "{434CF902-C138-4F81-9C37-79213618E492}"
EndProject
Project("{FAE04EC0-301F-11D3-BF4B-00C04F79EFBC}") = "TalisayTrackerClass", "TalisayTrackerClass\TalisayTrackerClass.csproj", "{005AC481-31AB-4BC6-B1FC-6ABBAF371299}"
EndProject
Global
	GlobalSection(SolutionConfigurationPlatforms) = preSolution
		Debug|Any CPU = Debug|Any CPU
		Release|Any CPU = Release|Any CPU
	EndGlobalSection
	GlobalSection(ProjectConfigurationPlatforms) = postSolution
		{434CF902-C138-4F81-9C37-79213618E492}.Debug|Any CPU.ActiveCfg = Debug|Any CPU
		{434CF902-C138-4F81-9C37-79213618E492}.Debug|Any CPU.Build.0 = Debug|Any CPU
		{434CF902-C138-4F81-9C37-79213618E492}.Release|Any CPU.ActiveCfg = Release|Any CPU
		{434CF902-C138-4F81-9C37-79213618E492}.Release|Any CPU.Build.0 = Release|Any CPU
		{005AC481-31AB-4BC6-B1FC-6ABBAF371299}.Debug|Any CPU.ActiveCfg = Debug|Any CPU
		{005AC481-31AB-4BC6-B1FC-6ABBAF371299}.Debug|Any CPU.Build.0 = Debug|Any CPU
		{005AC481-31AB-4BC6-B1FC-6ABBAF371299}.Release|Any CPU.ActiveCfg = Release|Any CPU
		{005AC481-31AB-4BC6-B1FC-6ABBAF371299}.Release|Any CPU.Build.0 = Release|Any CPU
	EndGlobalSection
	GlobalSection(SolutionProperties) = preSolution
		HideSolutionNode = FALSE
	EndGlobalSection
	GlobalSection(ExtensibilityGlobals) = postSolution
		SolutionGuid = {2734FB22-0CFD-474F-8FDF-DEFF0A92672C}
	EndGlobalSection
EndGlobal
